// !$*UTF8*$!
{
	archiveVersion = 1;
	classes = {
	};
	objectVersion = 46;
	objects = {

/* Begin PBXBuildFile section */
		8D1F949E180074A6005A86A5 /* GlossyButton.m in Sources */ = {isa = PBXBuildFile; fileRef = 8D1F949D180074A6005A86A5 /* GlossyButton.m */; };
		8D50985118015A5400A7E4B7 /* Geocoding.m in Sources */ = {isa = PBXBuildFile; fileRef = 8D50985018015A5400A7E4B7 /* Geocoding.m */; };
		8D50985418016DBB00A7E4B7 /* button_pressed.png in Resources */ = {isa = PBXBuildFile; fileRef = 8D50985218016DBB00A7E4B7 /* button_pressed.png */; };
		8D50985518016DBB00A7E4B7 /* button_unpressed.png in Resources */ = {isa = PBXBuildFile; fileRef = 8D50985318016DBB00A7E4B7 /* button_unpressed.png */; };
		8DBAFAA218012ED0004875CC /* Social.framework in Frameworks */ = {isa = PBXBuildFile; fileRef = 8DBAFAA118012ED0004875CC /* Social.framework */; };
		8DBAFAA418012ED7004875CC /* Accounts.framework in Frameworks */ = {isa = PBXBuildFile; fileRef = 8DBAFAA318012ED7004875CC /* Accounts.framework */; };
		8DBAFAA618012F37004875CC /* FacebookSDK.framework in Frameworks */ = {isa = PBXBuildFile; fileRef = 8DBAFAA518012F37004875CC /* FacebookSDK.framework */; };
		8DBAFAA91801319C004875CC /* LoginViewController.m in Sources */ = {isa = PBXBuildFile; fileRef = 8DBAFAA81801319C004875CC /* LoginViewController.m */; };
		8DEF3F791800B0FA005E2BDE /* RequestView.m in Sources */ = {isa = PBXBuildFile; fileRef = 8DEF3F781800B0FA005E2BDE /* RequestView.m */; };
		8DFD66291800E85D00E7C9ED /* libicucore.dylib in Frameworks */ = {isa = PBXBuildFile; fileRef = 8DFD66281800E85D00E7C9ED /* libicucore.dylib */; };
		8DFD66371801011000E7C9ED /* DisplayRestaurantsViewController.m in Sources */ = {isa = PBXBuildFile; fileRef = 8DFD66361801011000E7C9ED /* DisplayRestaurantsViewController.m */; };
		8DFD663A1801139100E7C9ED /* MenuViewController.m in Sources */ = {isa = PBXBuildFile; fileRef = 8DFD66391801139100E7C9ED /* MenuViewController.m */; };
		8DFD663C18012E8C00E7C9ED /* FirebaseSimpleLogin.framework in Frameworks */ = {isa = PBXBuildFile; fileRef = 8DFD663B18012E8C00E7C9ED /* FirebaseSimpleLogin.framework */; };
		F370A44C18004EEC003B7DA8 /* CoreLocation.framework in Frameworks */ = {isa = PBXBuildFile; fileRef = F370A44B18004EEC003B7DA8 /* CoreLocation.framework */; };
		F370A44E18004F20003B7DA8 /* CoreImage.framework in Frameworks */ = {isa = PBXBuildFile; fileRef = F370A44D18004F20003B7DA8 /* CoreImage.framework */; };
		F370A45018004F72003B7DA8 /* CoreText.framework in Frameworks */ = {isa = PBXBuildFile; fileRef = F370A44F18004F72003B7DA8 /* CoreText.framework */; };
		F370A45218004FA5003B7DA8 /* QuartzCore.framework in Frameworks */ = {isa = PBXBuildFile; fileRef = F370A45118004FA5003B7DA8 /* QuartzCore.framework */; };
		F370A45418004FDE003B7DA8 /* ImageIO.framework in Frameworks */ = {isa = PBXBuildFile; fileRef = F370A45318004FDE003B7DA8 /* ImageIO.framework */; };
		F370A45618005005003B7DA8 /* GLKit.framework in Frameworks */ = {isa = PBXBuildFile; fileRef = F370A45518005005003B7DA8 /* GLKit.framework */; };
		F370A45818005034003B7DA8 /* CoreData.framework in Frameworks */ = {isa = PBXBuildFile; fileRef = F370A45718005034003B7DA8 /* CoreData.framework */; };
		F370A45A1800505C003B7DA8 /* libc++.dylib in Frameworks */ = {isa = PBXBuildFile; fileRef = F370A4591800505C003B7DA8 /* libc++.dylib */; };
		F370A45C18005080003B7DA8 /* AudioToolbox.framework in Frameworks */ = {isa = PBXBuildFile; fileRef = F370A45B18005080003B7DA8 /* AudioToolbox.framework */; };
		F370A45E180050C9003B7DA8 /* OpenGLES.framework in Frameworks */ = {isa = PBXBuildFile; fileRef = F370A45D180050C8003B7DA8 /* OpenGLES.framework */; };
		F370A4601800519B003B7DA8 /* Security.framework in Frameworks */ = {isa = PBXBuildFile; fileRef = F370A45F1800519B003B7DA8 /* Security.framework */; };
		F370A462180051AE003B7DA8 /* CFNetwork.framework in Frameworks */ = {isa = PBXBuildFile; fileRef = F370A461180051AE003B7DA8 /* CFNetwork.framework */; };
		F370A464180051C8003B7DA8 /* SystemConfiguration.framework in Frameworks */ = {isa = PBXBuildFile; fileRef = F370A463180051C8003B7DA8 /* SystemConfiguration.framework */; };
		F370A46618005204003B7DA8 /* MobileCoreServices.framework in Frameworks */ = {isa = PBXBuildFile; fileRef = F370A46518005204003B7DA8 /* MobileCoreServices.framework */; };
		F370A46A18005766003B7DA8 /* StoreKit.framework in Frameworks */ = {isa = PBXBuildFile; fileRef = F370A46918005766003B7DA8 /* StoreKit.framework */; };
		F395C3DF183B0AF3001DBF5B /* CMU.gpx in Resources */ = {isa = PBXBuildFile; fileRef = F395C3DE183B0AF3001DBF5B /* CMU.gpx */; };
		F3CA30BB1800E01400914EA1 /* CourierViewController.m in Sources */ = {isa = PBXBuildFile; fileRef = F3CA30B91800E01400914EA1 /* CourierViewController.m */; };
		F3CA30BD1800E03E00914EA1 /* Firebase.framework in Frameworks */ = {isa = PBXBuildFile; fileRef = F3CA30BC1800E03E00914EA1 /* Firebase.framework */; };
		F3CA30BF1800E07800914EA1 /* GoogleMaps.bundle in Resources */ = {isa = PBXBuildFile; fileRef = F3CA30BE1800E07800914EA1 /* GoogleMaps.bundle */; };
		F3CA32A91800EAC400914EA1 /* AddressBook.framework in Frameworks */ = {isa = PBXBuildFile; fileRef = F3CA32A81800EAC400914EA1 /* AddressBook.framework */; };
		F3CA32AB1800EAF600914EA1 /* libicucore.dylib in Frameworks */ = {isa = PBXBuildFile; fileRef = F3CA32AA1800EAF600914EA1 /* libicucore.dylib */; };
		F3CA32AE1800F37000914EA1 /* CourierConfirmViewController.m in Sources */ = {isa = PBXBuildFile; fileRef = F3CA32AD1800F37000914EA1 /* CourierConfirmViewController.m */; };
		F3CA32B01800FCB700914EA1 /* VenmoAppSwitch.framework in Frameworks */ = {isa = PBXBuildFile; fileRef = F3CA32AF1800FCB600914EA1 /* VenmoAppSwitch.framework */; };
		F3CA32B21800FCD500914EA1 /* GoogleMaps.framework in Frameworks */ = {isa = PBXBuildFile; fileRef = F3CA32B11800FCD500914EA1 /* GoogleMaps.framework */; };
		F3CA32B71801358700914EA1 /* OrderConfirmViewController.m in Sources */ = {isa = PBXBuildFile; fileRef = F3CA32B61801358700914EA1 /* OrderConfirmViewController.m */; };
		F3CA32BB18014A7700914EA1 /* icon@2x.png in Resources */ = {isa = PBXBuildFile; fileRef = F3CA32B918014A7700914EA1 /* icon@2x.png */; };
		F3CA32BD18014B4800914EA1 /* icon.png in Resources */ = {isa = PBXBuildFile; fileRef = F3CA32BC18014B4800914EA1 /* icon.png */; };
		F3CA32BF18014B4E00914EA1 /* icon2.png in Resources */ = {isa = PBXBuildFile; fileRef = F3CA32BE18014B4E00914EA1 /* icon2.png */; };
		F3CA32C1180158A600914EA1 /* FirebaseSimpleLogin.framework in Frameworks */ = {isa = PBXBuildFile; fileRef = F3CA32C0180158A600914EA1 /* FirebaseSimpleLogin.framework */; };
		F3CA32C31801593300914EA1 /* FacebookSDK.framework in Frameworks */ = {isa = PBXBuildFile; fileRef = F3CA32C21801593300914EA1 /* FacebookSDK.framework */; };
		F3CA32C61801604C00914EA1 /* courier.png in Resources */ = {isa = PBXBuildFile; fileRef = F3CA32C41801604C00914EA1 /* courier.png */; };
		F3CA32C71801604C00914EA1 /* courier@2x.png in Resources */ = {isa = PBXBuildFile; fileRef = F3CA32C51801604C00914EA1 /* courier@2x.png */; };
		F3CA32C91801628F00914EA1 /* nommit.png in Resources */ = {isa = PBXBuildFile; fileRef = F3CA32C81801628F00914EA1 /* nommit.png */; };
		F3CA32CB1801782900914EA1 /* ttt.gpx in Resources */ = {isa = PBXBuildFile; fileRef = F3CA32CA1801782900914EA1 /* ttt.gpx */; };
		F3CA32CE1801892500914EA1 /* TipViewController.m in Sources */ = {isa = PBXBuildFile; fileRef = F3CA32CD1801892500914EA1 /* TipViewController.m */; };
		F3DF4A2217FA07DF000B51E4 /* UIKit.framework in Frameworks */ = {isa = PBXBuildFile; fileRef = F3DF4A2117FA07DF000B51E4 /* UIKit.framework */; };
		F3DF4A2417FA07DF000B51E4 /* Foundation.framework in Frameworks */ = {isa = PBXBuildFile; fileRef = F3DF4A2317FA07DF000B51E4 /* Foundation.framework */; };
		F3DF4A2617FA07DF000B51E4 /* CoreGraphics.framework in Frameworks */ = {isa = PBXBuildFile; fileRef = F3DF4A2517FA07DF000B51E4 /* CoreGraphics.framework */; };
		F3DF4A2E17FA07DF000B51E4 /* main.m in Sources */ = {isa = PBXBuildFile; fileRef = F3DF4A2D17FA07DF000B51E4 /* main.m */; };
		F3DF4A3217FA07DF000B51E4 /* AppDelegate.m in Sources */ = {isa = PBXBuildFile; fileRef = F3DF4A3117FA07DF000B51E4 /* AppDelegate.m */; };
		F3DF4A3417FA07DF000B51E4 /* Default.png in Resources */ = {isa = PBXBuildFile; fileRef = F3DF4A3317FA07DF000B51E4 /* Default.png */; };
		F3DF4A3617FA07DF000B51E4 /* Default@2x.png in Resources */ = {isa = PBXBuildFile; fileRef = F3DF4A3517FA07DF000B51E4 /* Default@2x.png */; };
		F3DF4A3817FA07DF000B51E4 /* Default-568h@2x.png in Resources */ = {isa = PBXBuildFile; fileRef = F3DF4A3717FA07DF000B51E4 /* Default-568h@2x.png */; };
		F3DF4A4017FA07E0000B51E4 /* SenTestingKit.framework in Frameworks */ = {isa = PBXBuildFile; fileRef = F3DF4A3F17FA07E0000B51E4 /* SenTestingKit.framework */; };
		F3DF4A4117FA07E0000B51E4 /* UIKit.framework in Frameworks */ = {isa = PBXBuildFile; fileRef = F3DF4A2117FA07DF000B51E4 /* UIKit.framework */; };
		F3DF4A4217FA07E0000B51E4 /* Foundation.framework in Frameworks */ = {isa = PBXBuildFile; fileRef = F3DF4A2317FA07DF000B51E4 /* Foundation.framework */; };
		F3DF4A4A17FA07E0000B51E4 /* InfoPlist.strings in Resources */ = {isa = PBXBuildFile; fileRef = F3DF4A4817FA07E0000B51E4 /* InfoPlist.strings */; };
		F3DF4A4D17FA07E0000B51E4 /* nommitTests.m in Sources */ = {isa = PBXBuildFile; fileRef = F3DF4A4C17FA07E0000B51E4 /* nommitTests.m */; };
		F3DF4A5B17FA093F000B51E4 /* MapViewController.m in Sources */ = {isa = PBXBuildFile; fileRef = F3DF4A5A17FA093F000B51E4 /* MapViewController.m */; };
		F3DF4A5E17FA0A62000B51E4 /* RatingViewController.m in Sources */ = {isa = PBXBuildFile; fileRef = F3DF4A5D17FA0A62000B51E4 /* RatingViewController.m */; };
		F3DF4A6117FA0A82000B51E4 /* RequestViewController.m in Sources */ = {isa = PBXBuildFile; fileRef = F3DF4A6017FA0A82000B51E4 /* RequestViewController.m */; };
		F3DF4A6417FA0AC1000B51E4 /* CourierRegistrationViewController.m in Sources */ = {isa = PBXBuildFile; fileRef = F3DF4A6317FA0AC1000B51E4 /* CourierRegistrationViewController.m */; };
/* End PBXBuildFile section */

/* Begin PBXContainerItemProxy section */
		F3DF4A4317FA07E0000B51E4 /* PBXContainerItemProxy */ = {
			isa = PBXContainerItemProxy;
			containerPortal = F3DF4A1617FA07DF000B51E4 /* Project object */;
			proxyType = 1;
			remoteGlobalIDString = F3DF4A1D17FA07DF000B51E4;
			remoteInfo = nommit;
		};
/* End PBXContainerItemProxy section */

/* Begin PBXFileReference section */
		8D1F949C1800742B005A86A5 /* GlossyButton.h */ = {isa = PBXFileReference; lastKnownFileType = sourcecode.c.h; path = GlossyButton.h; sourceTree = "<group>"; };
		8D1F949D180074A6005A86A5 /* GlossyButton.m */ = {isa = PBXFileReference; fileEncoding = 4; lastKnownFileType = sourcecode.c.objc; path = GlossyButton.m; sourceTree = "<group>"; };
		8D50984F18015A5400A7E4B7 /* Geocoding.h */ = {isa = PBXFileReference; fileEncoding = 4; lastKnownFileType = sourcecode.c.h; path = Geocoding.h; sourceTree = "<group>"; };
		8D50985018015A5400A7E4B7 /* Geocoding.m */ = {isa = PBXFileReference; fileEncoding = 4; lastKnownFileType = sourcecode.c.objc; path = Geocoding.m; sourceTree = "<group>"; };
		8D50985218016DBB00A7E4B7 /* button_pressed.png */ = {isa = PBXFileReference; lastKnownFileType = image.png; path = button_pressed.png; sourceTree = "<group>"; };
		8D50985318016DBB00A7E4B7 /* button_unpressed.png */ = {isa = PBXFileReference; lastKnownFileType = image.png; path = button_unpressed.png; sourceTree = "<group>"; };
		8DBAFAA118012ED0004875CC /* Social.framework */ = {isa = PBXFileReference; lastKnownFileType = wrapper.framework; name = Social.framework; path = System/Library/Frameworks/Social.framework; sourceTree = SDKROOT; };
		8DBAFAA318012ED7004875CC /* Accounts.framework */ = {isa = PBXFileReference; lastKnownFileType = wrapper.framework; name = Accounts.framework; path = System/Library/Frameworks/Accounts.framework; sourceTree = SDKROOT; };
		8DBAFAA518012F37004875CC /* FacebookSDK.framework */ = {isa = PBXFileReference; lastKnownFileType = wrapper.framework; name = FacebookSDK.framework; path = ../FacebookSDK/FacebookSDK.framework; sourceTree = "<group>"; };
		8DBAFAA71801319C004875CC /* LoginViewController.h */ = {isa = PBXFileReference; fileEncoding = 4; lastKnownFileType = sourcecode.c.h; path = LoginViewController.h; sourceTree = "<group>"; };
		8DBAFAA81801319C004875CC /* LoginViewController.m */ = {isa = PBXFileReference; fileEncoding = 4; lastKnownFileType = sourcecode.c.objc; path = LoginViewController.m; sourceTree = "<group>"; };
		8DEF3F771800B0FA005E2BDE /* RequestView.h */ = {isa = PBXFileReference; fileEncoding = 4; lastKnownFileType = sourcecode.c.h; path = RequestView.h; sourceTree = "<group>"; };
		8DEF3F781800B0FA005E2BDE /* RequestView.m */ = {isa = PBXFileReference; fileEncoding = 4; lastKnownFileType = sourcecode.c.objc; path = RequestView.m; sourceTree = "<group>"; };
		8DFD66281800E85D00E7C9ED /* libicucore.dylib */ = {isa = PBXFileReference; lastKnownFileType = "compiled.mach-o.dylib"; name = libicucore.dylib; path = usr/lib/libicucore.dylib; sourceTree = SDKROOT; };
		8DFD66351801011000E7C9ED /* DisplayRestaurantsViewController.h */ = {isa = PBXFileReference; fileEncoding = 4; lastKnownFileType = sourcecode.c.h; path = DisplayRestaurantsViewController.h; sourceTree = "<group>"; };
		8DFD66361801011000E7C9ED /* DisplayRestaurantsViewController.m */ = {isa = PBXFileReference; fileEncoding = 4; lastKnownFileType = sourcecode.c.objc; path = DisplayRestaurantsViewController.m; sourceTree = "<group>"; };
		8DFD66381801139100E7C9ED /* MenuViewController.h */ = {isa = PBXFileReference; fileEncoding = 4; lastKnownFileType = sourcecode.c.h; path = MenuViewController.h; sourceTree = "<group>"; };
		8DFD66391801139100E7C9ED /* MenuViewController.m */ = {isa = PBXFileReference; fileEncoding = 4; lastKnownFileType = sourcecode.c.objc; path = MenuViewController.m; sourceTree = "<group>"; };
		8DFD663B18012E8C00E7C9ED /* FirebaseSimpleLogin.framework */ = {isa = PBXFileReference; lastKnownFileType = wrapper.framework; name = FirebaseSimpleLogin.framework; path = ../FirebaseSimpleLogin.framework; sourceTree = "<group>"; };
		F370A44B18004EEC003B7DA8 /* CoreLocation.framework */ = {isa = PBXFileReference; lastKnownFileType = wrapper.framework; name = CoreLocation.framework; path = System/Library/Frameworks/CoreLocation.framework; sourceTree = SDKROOT; };
		F370A44D18004F20003B7DA8 /* CoreImage.framework */ = {isa = PBXFileReference; lastKnownFileType = wrapper.framework; name = CoreImage.framework; path = System/Library/Frameworks/CoreImage.framework; sourceTree = SDKROOT; };
		F370A44F18004F72003B7DA8 /* CoreText.framework */ = {isa = PBXFileReference; lastKnownFileType = wrapper.framework; name = CoreText.framework; path = System/Library/Frameworks/CoreText.framework; sourceTree = SDKROOT; };
		F370A45118004FA5003B7DA8 /* QuartzCore.framework */ = {isa = PBXFileReference; lastKnownFileType = wrapper.framework; name = QuartzCore.framework; path = System/Library/Frameworks/QuartzCore.framework; sourceTree = SDKROOT; };
		F370A45318004FDE003B7DA8 /* ImageIO.framework */ = {isa = PBXFileReference; lastKnownFileType = wrapper.framework; name = ImageIO.framework; path = System/Library/Frameworks/ImageIO.framework; sourceTree = SDKROOT; };
		F370A45518005005003B7DA8 /* GLKit.framework */ = {isa = PBXFileReference; lastKnownFileType = wrapper.framework; name = GLKit.framework; path = System/Library/Frameworks/GLKit.framework; sourceTree = SDKROOT; };
		F370A45718005034003B7DA8 /* CoreData.framework */ = {isa = PBXFileReference; lastKnownFileType = wrapper.framework; name = CoreData.framework; path = System/Library/Frameworks/CoreData.framework; sourceTree = SDKROOT; };
		F370A4591800505C003B7DA8 /* libc++.dylib */ = {isa = PBXFileReference; lastKnownFileType = "compiled.mach-o.dylib"; name = "libc++.dylib"; path = "usr/lib/libc++.dylib"; sourceTree = SDKROOT; };
		F370A45B18005080003B7DA8 /* AudioToolbox.framework */ = {isa = PBXFileReference; lastKnownFileType = wrapper.framework; name = AudioToolbox.framework; path = System/Library/Frameworks/AudioToolbox.framework; sourceTree = SDKROOT; };
		F370A45D180050C8003B7DA8 /* OpenGLES.framework */ = {isa = PBXFileReference; lastKnownFileType = wrapper.framework; name = OpenGLES.framework; path = System/Library/Frameworks/OpenGLES.framework; sourceTree = SDKROOT; };
		F370A45F1800519B003B7DA8 /* Security.framework */ = {isa = PBXFileReference; lastKnownFileType = wrapper.framework; name = Security.framework; path = System/Library/Frameworks/Security.framework; sourceTree = SDKROOT; };
		F370A461180051AE003B7DA8 /* CFNetwork.framework */ = {isa = PBXFileReference; lastKnownFileType = wrapper.framework; name = CFNetwork.framework; path = System/Library/Frameworks/CFNetwork.framework; sourceTree = SDKROOT; };
		F370A463180051C8003B7DA8 /* SystemConfiguration.framework */ = {isa = PBXFileReference; lastKnownFileType = wrapper.framework; name = SystemConfiguration.framework; path = System/Library/Frameworks/SystemConfiguration.framework; sourceTree = SDKROOT; };
		F370A46518005204003B7DA8 /* MobileCoreServices.framework */ = {isa = PBXFileReference; lastKnownFileType = wrapper.framework; name = MobileCoreServices.framework; path = System/Library/Frameworks/MobileCoreServices.framework; sourceTree = SDKROOT; };
		F370A46918005766003B7DA8 /* StoreKit.framework */ = {isa = PBXFileReference; lastKnownFileType = wrapper.framework; name = StoreKit.framework; path = System/Library/Frameworks/StoreKit.framework; sourceTree = SDKROOT; };
		F395C3DE183B0AF3001DBF5B /* CMU.gpx */ = {isa = PBXFileReference; fileEncoding = 4; lastKnownFileType = text.xml; path = CMU.gpx; sourceTree = "<group>"; };
		F3CA30B81800E01400914EA1 /* CourierViewController.h */ = {isa = PBXFileReference; fileEncoding = 4; lastKnownFileType = sourcecode.c.h; path = CourierViewController.h; sourceTree = "<group>"; };
		F3CA30B91800E01400914EA1 /* CourierViewController.m */ = {isa = PBXFileReference; fileEncoding = 4; lastKnownFileType = sourcecode.c.objc; path = CourierViewController.m; sourceTree = "<group>"; };
		F3CA30BC1800E03E00914EA1 /* Firebase.framework */ = {isa = PBXFileReference; lastKnownFileType = wrapper.framework; path = Firebase.framework; sourceTree = "<group>"; };
		F3CA30BE1800E07800914EA1 /* GoogleMaps.bundle */ = {isa = PBXFileReference; lastKnownFileType = "wrapper.plug-in"; path = GoogleMaps.bundle; sourceTree = "<group>"; };
		F3CA32A81800EAC400914EA1 /* AddressBook.framework */ = {isa = PBXFileReference; lastKnownFileType = wrapper.framework; name = AddressBook.framework; path = System/Library/Frameworks/AddressBook.framework; sourceTree = SDKROOT; };
		F3CA32AA1800EAF600914EA1 /* libicucore.dylib */ = {isa = PBXFileReference; lastKnownFileType = "compiled.mach-o.dylib"; name = libicucore.dylib; path = usr/lib/libicucore.dylib; sourceTree = SDKROOT; };
		F3CA32AC1800F37000914EA1 /* CourierConfirmViewController.h */ = {isa = PBXFileReference; fileEncoding = 4; lastKnownFileType = sourcecode.c.h; path = CourierConfirmViewController.h; sourceTree = "<group>"; };
		F3CA32AD1800F37000914EA1 /* CourierConfirmViewController.m */ = {isa = PBXFileReference; fileEncoding = 4; lastKnownFileType = sourcecode.c.objc; path = CourierConfirmViewController.m; sourceTree = "<group>"; };
		F3CA32AF1800FCB600914EA1 /* VenmoAppSwitch.framework */ = {isa = PBXFileReference; lastKnownFileType = wrapper.framework; name = VenmoAppSwitch.framework; path = "../../dev/app-switch-ios-framework-master/VenmoAppSwitch.framework"; sourceTree = "<group>"; };
		F3CA32B11800FCD500914EA1 /* GoogleMaps.framework */ = {isa = PBXFileReference; lastKnownFileType = wrapper.framework; name = GoogleMaps.framework; path = "../../dev/GoogleMaps-iOS-1.5.0/GoogleMaps.framework"; sourceTree = "<group>"; };
		F3CA32B31800FCF600914EA1 /* GoogleMaps.bundle */ = {isa = PBXFileReference; lastKnownFileType = "wrapper.plug-in"; name = GoogleMaps.bundle; path = "../../dev/GoogleMaps-iOS-1.5.0/GoogleMaps.framework/Versions/A/Resources/GoogleMaps.bundle"; sourceTree = "<group>"; };
		F3CA32B51801358700914EA1 /* OrderConfirmViewController.h */ = {isa = PBXFileReference; fileEncoding = 4; lastKnownFileType = sourcecode.c.h; path = OrderConfirmViewController.h; sourceTree = "<group>"; };
		F3CA32B61801358700914EA1 /* OrderConfirmViewController.m */ = {isa = PBXFileReference; fileEncoding = 4; lastKnownFileType = sourcecode.c.objc; path = OrderConfirmViewController.m; sourceTree = "<group>"; };
		F3CA32B918014A7700914EA1 /* icon@2x.png */ = {isa = PBXFileReference; lastKnownFileType = image.png; path = "icon@2x.png"; sourceTree = "<group>"; };
		F3CA32BC18014B4800914EA1 /* icon.png */ = {isa = PBXFileReference; lastKnownFileType = image.png; path = icon.png; sourceTree = "<group>"; };
		F3CA32BE18014B4E00914EA1 /* icon2.png */ = {isa = PBXFileReference; lastKnownFileType = image.png; path = icon2.png; sourceTree = "<group>"; };
		F3CA32C0180158A600914EA1 /* FirebaseSimpleLogin.framework */ = {isa = PBXFileReference; lastKnownFileType = wrapper.framework; name = FirebaseSimpleLogin.framework; path = ../../HackMIT/FirebaseSimpleLogin.framework; sourceTree = "<group>"; };
		F3CA32C21801593300914EA1 /* FacebookSDK.framework */ = {isa = PBXFileReference; lastKnownFileType = wrapper.framework; name = FacebookSDK.framework; path = ../FacebookSDK/FacebookSDK.framework; sourceTree = "<group>"; };
		F3CA32C41801604C00914EA1 /* courier.png */ = {isa = PBXFileReference; lastKnownFileType = image.png; path = courier.png; sourceTree = "<group>"; };
		F3CA32C51801604C00914EA1 /* courier@2x.png */ = {isa = PBXFileReference; lastKnownFileType = image.png; path = "courier@2x.png"; sourceTree = "<group>"; };
		F3CA32C81801628F00914EA1 /* nommit.png */ = {isa = PBXFileReference; lastKnownFileType = image.png; path = nommit.png; sourceTree = "<group>"; };
		F3CA32CA1801782900914EA1 /* ttt.gpx */ = {isa = PBXFileReference; fileEncoding = 4; lastKnownFileType = text.xml; path = ttt.gpx; sourceTree = "<group>"; };
		F3CA32CC1801892500914EA1 /* TipViewController.h */ = {isa = PBXFileReference; fileEncoding = 4; lastKnownFileType = sourcecode.c.h; path = TipViewController.h; sourceTree = "<group>"; };
		F3CA32CD1801892500914EA1 /* TipViewController.m */ = {isa = PBXFileReference; fileEncoding = 4; lastKnownFileType = sourcecode.c.objc; path = TipViewController.m; sourceTree = "<group>"; };
		F3DF4A1E17FA07DF000B51E4 /* nommit.app */ = {isa = PBXFileReference; explicitFileType = wrapper.application; includeInIndex = 0; path = nommit.app; sourceTree = BUILT_PRODUCTS_DIR; };
		F3DF4A2117FA07DF000B51E4 /* UIKit.framework */ = {isa = PBXFileReference; lastKnownFileType = wrapper.framework; name = UIKit.framework; path = System/Library/Frameworks/UIKit.framework; sourceTree = SDKROOT; };
		F3DF4A2317FA07DF000B51E4 /* Foundation.framework */ = {isa = PBXFileReference; lastKnownFileType = wrapper.framework; name = Foundation.framework; path = System/Library/Frameworks/Foundation.framework; sourceTree = SDKROOT; };
		F3DF4A2517FA07DF000B51E4 /* CoreGraphics.framework */ = {isa = PBXFileReference; lastKnownFileType = wrapper.framework; name = CoreGraphics.framework; path = System/Library/Frameworks/CoreGraphics.framework; sourceTree = SDKROOT; };
		F3DF4A2917FA07DF000B51E4 /* nommit-Info.plist */ = {isa = PBXFileReference; lastKnownFileType = text.plist.xml; path = "nommit-Info.plist"; sourceTree = "<group>"; };
		F3DF4A2B17FA07DF000B51E4 /* en */ = {isa = PBXFileReference; lastKnownFileType = text.plist.strings; name = en; path = en.lproj/InfoPlist.strings; sourceTree = "<group>"; };
		F3DF4A2D17FA07DF000B51E4 /* main.m */ = {isa = PBXFileReference; lastKnownFileType = sourcecode.c.objc; path = main.m; sourceTree = "<group>"; };
		F3DF4A2F17FA07DF000B51E4 /* nommit-Prefix.pch */ = {isa = PBXFileReference; lastKnownFileType = sourcecode.c.h; path = "nommit-Prefix.pch"; sourceTree = "<group>"; };
		F3DF4A3017FA07DF000B51E4 /* AppDelegate.h */ = {isa = PBXFileReference; lastKnownFileType = sourcecode.c.h; path = AppDelegate.h; sourceTree = "<group>"; };
		F3DF4A3117FA07DF000B51E4 /* AppDelegate.m */ = {isa = PBXFileReference; lastKnownFileType = sourcecode.c.objc; path = AppDelegate.m; sourceTree = "<group>"; };
		F3DF4A3317FA07DF000B51E4 /* Default.png */ = {isa = PBXFileReference; lastKnownFileType = image.png; path = Default.png; sourceTree = "<group>"; };
		F3DF4A3517FA07DF000B51E4 /* Default@2x.png */ = {isa = PBXFileReference; lastKnownFileType = image.png; path = "Default@2x.png"; sourceTree = "<group>"; };
		F3DF4A3717FA07DF000B51E4 /* Default-568h@2x.png */ = {isa = PBXFileReference; lastKnownFileType = image.png; path = "Default-568h@2x.png"; sourceTree = "<group>"; };
		F3DF4A3E17FA07E0000B51E4 /* nommitTests.octest */ = {isa = PBXFileReference; explicitFileType = wrapper.cfbundle; includeInIndex = 0; path = nommitTests.octest; sourceTree = BUILT_PRODUCTS_DIR; };
		F3DF4A3F17FA07E0000B51E4 /* SenTestingKit.framework */ = {isa = PBXFileReference; lastKnownFileType = wrapper.framework; name = SenTestingKit.framework; path = Library/Frameworks/SenTestingKit.framework; sourceTree = DEVELOPER_DIR; };
		F3DF4A4717FA07E0000B51E4 /* nommitTests-Info.plist */ = {isa = PBXFileReference; lastKnownFileType = text.plist.xml; path = "nommitTests-Info.plist"; sourceTree = "<group>"; };
		F3DF4A4917FA07E0000B51E4 /* en */ = {isa = PBXFileReference; lastKnownFileType = text.plist.strings; name = en; path = en.lproj/InfoPlist.strings; sourceTree = "<group>"; };
		F3DF4A4B17FA07E0000B51E4 /* nommitTests.h */ = {isa = PBXFileReference; lastKnownFileType = sourcecode.c.h; path = nommitTests.h; sourceTree = "<group>"; };
		F3DF4A4C17FA07E0000B51E4 /* nommitTests.m */ = {isa = PBXFileReference; lastKnownFileType = sourcecode.c.objc; path = nommitTests.m; sourceTree = "<group>"; };
		F3DF4A5917FA093F000B51E4 /* MapViewController.h */ = {isa = PBXFileReference; fileEncoding = 4; lastKnownFileType = sourcecode.c.h; path = MapViewController.h; sourceTree = "<group>"; };
		F3DF4A5A17FA093F000B51E4 /* MapViewController.m */ = {isa = PBXFileReference; fileEncoding = 4; lastKnownFileType = sourcecode.c.objc; path = MapViewController.m; sourceTree = "<group>"; };
		F3DF4A5C17FA0A62000B51E4 /* RatingViewController.h */ = {isa = PBXFileReference; fileEncoding = 4; lastKnownFileType = sourcecode.c.h; path = RatingViewController.h; sourceTree = "<group>"; };
		F3DF4A5D17FA0A62000B51E4 /* RatingViewController.m */ = {isa = PBXFileReference; fileEncoding = 4; lastKnownFileType = sourcecode.c.objc; path = RatingViewController.m; sourceTree = "<group>"; };
		F3DF4A5F17FA0A82000B51E4 /* RequestViewController.h */ = {isa = PBXFileReference; fileEncoding = 4; lastKnownFileType = sourcecode.c.h; path = RequestViewController.h; sourceTree = "<group>"; };
		F3DF4A6017FA0A82000B51E4 /* RequestViewController.m */ = {isa = PBXFileReference; fileEncoding = 4; lastKnownFileType = sourcecode.c.objc; path = RequestViewController.m; sourceTree = "<group>"; };
		F3DF4A6217FA0AC1000B51E4 /* CourierRegistrationViewController.h */ = {isa = PBXFileReference; fileEncoding = 4; lastKnownFileType = sourcecode.c.h; path = CourierRegistrationViewController.h; sourceTree = "<group>"; };
		F3DF4A6317FA0AC1000B51E4 /* CourierRegistrationViewController.m */ = {isa = PBXFileReference; fileEncoding = 4; lastKnownFileType = sourcecode.c.objc; path = CourierRegistrationViewController.m; sourceTree = "<group>"; };
/* End PBXFileReference section */

/* Begin PBXFrameworksBuildPhase section */
		F3DF4A1B17FA07DF000B51E4 /* Frameworks */ = {
			isa = PBXFrameworksBuildPhase;
			buildActionMask = 2147483647;
			files = (
				8DBAFAA418012ED7004875CC /* Accounts.framework in Frameworks */,
				8DBAFAA218012ED0004875CC /* Social.framework in Frameworks */,
				F3CA32B21800FCD500914EA1 /* GoogleMaps.framework in Frameworks */,
				F3CA32B01800FCB700914EA1 /* VenmoAppSwitch.framework in Frameworks */,
				F370A462180051AE003B7DA8 /* CFNetwork.framework in Frameworks */,
				8DFD66291800E85D00E7C9ED /* libicucore.dylib in Frameworks */,
				F3CA32AB1800EAF600914EA1 /* libicucore.dylib in Frameworks */,
				F3CA32A91800EAC400914EA1 /* AddressBook.framework in Frameworks */,
				F370A46A18005766003B7DA8 /* StoreKit.framework in Frameworks */,
				F370A46618005204003B7DA8 /* MobileCoreServices.framework in Frameworks */,
				F370A464180051C8003B7DA8 /* SystemConfiguration.framework in Frameworks */,
				F3CA32C31801593300914EA1 /* FacebookSDK.framework in Frameworks */,
				F370A4601800519B003B7DA8 /* Security.framework in Frameworks */,
				F370A45E180050C9003B7DA8 /* OpenGLES.framework in Frameworks */,
				8DBAFAA618012F37004875CC /* FacebookSDK.framework in Frameworks */,
				F3CA32C1180158A600914EA1 /* FirebaseSimpleLogin.framework in Frameworks */,
				F370A45C18005080003B7DA8 /* AudioToolbox.framework in Frameworks */,
				F370A45A1800505C003B7DA8 /* libc++.dylib in Frameworks */,
				F370A45818005034003B7DA8 /* CoreData.framework in Frameworks */,
				F3CA30BD1800E03E00914EA1 /* Firebase.framework in Frameworks */,
				F370A45618005005003B7DA8 /* GLKit.framework in Frameworks */,
				F370A45418004FDE003B7DA8 /* ImageIO.framework in Frameworks */,
				F370A45218004FA5003B7DA8 /* QuartzCore.framework in Frameworks */,
				F370A45018004F72003B7DA8 /* CoreText.framework in Frameworks */,
				8DFD663C18012E8C00E7C9ED /* FirebaseSimpleLogin.framework in Frameworks */,
				F370A44E18004F20003B7DA8 /* CoreImage.framework in Frameworks */,
				F370A44C18004EEC003B7DA8 /* CoreLocation.framework in Frameworks */,
				F3DF4A2217FA07DF000B51E4 /* UIKit.framework in Frameworks */,
				F3DF4A2417FA07DF000B51E4 /* Foundation.framework in Frameworks */,
				F3DF4A2617FA07DF000B51E4 /* CoreGraphics.framework in Frameworks */,
			);
			runOnlyForDeploymentPostprocessing = 0;
		};
		F3DF4A3A17FA07E0000B51E4 /* Frameworks */ = {
			isa = PBXFrameworksBuildPhase;
			buildActionMask = 2147483647;
			files = (
				F3DF4A4017FA07E0000B51E4 /* SenTestingKit.framework in Frameworks */,
				F3DF4A4117FA07E0000B51E4 /* UIKit.framework in Frameworks */,
				F3DF4A4217FA07E0000B51E4 /* Foundation.framework in Frameworks */,
			);
			runOnlyForDeploymentPostprocessing = 0;
		};
/* End PBXFrameworksBuildPhase section */

/* Begin PBXGroup section */
		F3DF4A1517FA07DF000B51E4 = {
			isa = PBXGroup;
			children = (
				F395C3DE183B0AF3001DBF5B /* CMU.gpx */,
				F3CA32CA1801782900914EA1 /* ttt.gpx */,
				F3DF4A2717FA07DF000B51E4 /* nommit */,
				F3DF4A4517FA07E0000B51E4 /* nommitTests */,
				F3DF4A2017FA07DF000B51E4 /* Frameworks */,
				F3DF4A1F17FA07DF000B51E4 /* Products */,
			);
			sourceTree = "<group>";
		};
		F3DF4A1F17FA07DF000B51E4 /* Products */ = {
			isa = PBXGroup;
			children = (
				F3DF4A1E17FA07DF000B51E4 /* nommit.app */,
				F3DF4A3E17FA07E0000B51E4 /* nommitTests.octest */,
			);
			name = Products;
			sourceTree = "<group>";
		};
		F3DF4A2017FA07DF000B51E4 /* Frameworks */ = {
			isa = PBXGroup;
			children = (
				F3CA32C21801593300914EA1 /* FacebookSDK.framework */,
				8DBAFAA518012F37004875CC /* FacebookSDK.framework */,
				F3CA32C0180158A600914EA1 /* FirebaseSimpleLogin.framework */,
				8DBAFAA318012ED7004875CC /* Accounts.framework */,
				8DBAFAA118012ED0004875CC /* Social.framework */,
				8DFD663B18012E8C00E7C9ED /* FirebaseSimpleLogin.framework */,
				F3CA32B11800FCD500914EA1 /* GoogleMaps.framework */,
				F3CA32AF1800FCB600914EA1 /* VenmoAppSwitch.framework */,
				8DFD66281800E85D00E7C9ED /* libicucore.dylib */,
				F3CA30BC1800E03E00914EA1 /* Firebase.framework */,
				F3CA32AA1800EAF600914EA1 /* libicucore.dylib */,
				F3CA32A81800EAC400914EA1 /* AddressBook.framework */,
				F3CA30BC1800E03E00914EA1 /* Firebase.framework */,
				F3CA30BE1800E07800914EA1 /* GoogleMaps.bundle */,
				F370A46918005766003B7DA8 /* StoreKit.framework */,
				F370A46518005204003B7DA8 /* MobileCoreServices.framework */,
				F370A463180051C8003B7DA8 /* SystemConfiguration.framework */,
				F370A461180051AE003B7DA8 /* CFNetwork.framework */,
				F370A45F1800519B003B7DA8 /* Security.framework */,
				F370A45D180050C8003B7DA8 /* OpenGLES.framework */,
				F370A45B18005080003B7DA8 /* AudioToolbox.framework */,
				F370A4591800505C003B7DA8 /* libc++.dylib */,
				F3CA32B31800FCF600914EA1 /* GoogleMaps.bundle */,
				F370A45718005034003B7DA8 /* CoreData.framework */,
				F370A45518005005003B7DA8 /* GLKit.framework */,
				F370A45318004FDE003B7DA8 /* ImageIO.framework */,
				F370A45118004FA5003B7DA8 /* QuartzCore.framework */,
				F370A44F18004F72003B7DA8 /* CoreText.framework */,
				F370A44D18004F20003B7DA8 /* CoreImage.framework */,
				F370A44B18004EEC003B7DA8 /* CoreLocation.framework */,
				F3DF4A2117FA07DF000B51E4 /* UIKit.framework */,
				F3DF4A2317FA07DF000B51E4 /* Foundation.framework */,
				F3DF4A2517FA07DF000B51E4 /* CoreGraphics.framework */,
				F3DF4A3F17FA07E0000B51E4 /* SenTestingKit.framework */,
			);
			name = Frameworks;
			sourceTree = "<group>";
		};
		F3DF4A2717FA07DF000B51E4 /* nommit */ = {
			isa = PBXGroup;
			children = (
				F3DF4A3017FA07DF000B51E4 /* AppDelegate.h */,
				F3CA32B51801358700914EA1 /* OrderConfirmViewController.h */,
				F3CA32B61801358700914EA1 /* OrderConfirmViewController.m */,
				F3DF4A3117FA07DF000B51E4 /* AppDelegate.m */,
				F3CA32AC1800F37000914EA1 /* CourierConfirmViewController.h */,
				F3CA32AD1800F37000914EA1 /* CourierConfirmViewController.m */,
				F3DF4A6217FA0AC1000B51E4 /* CourierRegistrationViewController.h */,
				F3DF4A6317FA0AC1000B51E4 /* CourierRegistrationViewController.m */,
				F3CA30B81800E01400914EA1 /* CourierViewController.h */,
				F3CA30B91800E01400914EA1 /* CourierViewController.m */,
				8DFD66351801011000E7C9ED /* DisplayRestaurantsViewController.h */,
				8DFD66361801011000E7C9ED /* DisplayRestaurantsViewController.m */,
				8D50984F18015A5400A7E4B7 /* Geocoding.h */,
				8D50985018015A5400A7E4B7 /* Geocoding.m */,
				8D1F949C1800742B005A86A5 /* GlossyButton.h */,
				8D1F949D180074A6005A86A5 /* GlossyButton.m */,
				F3DF4A5917FA093F000B51E4 /* MapViewController.h */,
				F3DF4A5A17FA093F000B51E4 /* MapViewController.m */,
				F3DF4A5C17FA0A62000B51E4 /* RatingViewController.h */,
				F3DF4A5D17FA0A62000B51E4 /* RatingViewController.m */,
				8DEF3F771800B0FA005E2BDE /* RequestView.h */,
				8DEF3F781800B0FA005E2BDE /* RequestView.m */,
				F3CA32CC1801892500914EA1 /* TipViewController.h */,
				F3CA32CD1801892500914EA1 /* TipViewController.m */,
				F3DF4A5F17FA0A82000B51E4 /* RequestViewController.h */,
				F3DF4A6017FA0A82000B51E4 /* RequestViewController.m */,
				8DFD66381801139100E7C9ED /* MenuViewController.h */,
				8DFD66391801139100E7C9ED /* MenuViewController.m */,
				8DBAFAA71801319C004875CC /* LoginViewController.h */,
				8DBAFAA81801319C004875CC /* LoginViewController.m */,
				F3DF4A2817FA07DF000B51E4 /* Supporting Files */,
			);
			path = nommit;
			sourceTree = "<group>";
		};
		F3DF4A2817FA07DF000B51E4 /* Supporting Files */ = {
			isa = PBXGroup;
			children = (
				8D50985218016DBB00A7E4B7 /* button_pressed.png */,
				8D50985318016DBB00A7E4B7 /* button_unpressed.png */,
				F3CA32C81801628F00914EA1 /* nommit.png */,
				F3CA32C41801604C00914EA1 /* courier.png */,
				F3CA32C51801604C00914EA1 /* courier@2x.png */,
				F3CA32B918014A7700914EA1 /* icon@2x.png */,
				F3CA32BC18014B4800914EA1 /* icon.png */,
				F3CA32BE18014B4E00914EA1 /* icon2.png */,
				F3DF4A2917FA07DF000B51E4 /* nommit-Info.plist */,
				F3DF4A2A17FA07DF000B51E4 /* InfoPlist.strings */,
				F3DF4A2D17FA07DF000B51E4 /* main.m */,
				F3DF4A2F17FA07DF000B51E4 /* nommit-Prefix.pch */,
				F3DF4A3317FA07DF000B51E4 /* Default.png */,
				F3DF4A3517FA07DF000B51E4 /* Default@2x.png */,
				F3DF4A3717FA07DF000B51E4 /* Default-568h@2x.png */,
			);
			name = "Supporting Files";
			sourceTree = "<group>";
		};
		F3DF4A4517FA07E0000B51E4 /* nommitTests */ = {
			isa = PBXGroup;
			children = (
				F3DF4A4B17FA07E0000B51E4 /* nommitTests.h */,
				F3DF4A4C17FA07E0000B51E4 /* nommitTests.m */,
				F3DF4A4617FA07E0000B51E4 /* Supporting Files */,
			);
			path = nommitTests;
			sourceTree = "<group>";
		};
		F3DF4A4617FA07E0000B51E4 /* Supporting Files */ = {
			isa = PBXGroup;
			children = (
				F3DF4A4717FA07E0000B51E4 /* nommitTests-Info.plist */,
				F3DF4A4817FA07E0000B51E4 /* InfoPlist.strings */,
			);
			name = "Supporting Files";
			sourceTree = "<group>";
		};
/* End PBXGroup section */

/* Begin PBXNativeTarget section */
		F3DF4A1D17FA07DF000B51E4 /* nommit */ = {
			isa = PBXNativeTarget;
			buildConfigurationList = F3DF4A5017FA07E0000B51E4 /* Build configuration list for PBXNativeTarget "nommit" */;
			buildPhases = (
				F3DF4A1A17FA07DF000B51E4 /* Sources */,
				F3DF4A1B17FA07DF000B51E4 /* Frameworks */,
				F3DF4A1C17FA07DF000B51E4 /* Resources */,
			);
			buildRules = (
			);
			dependencies = (
			);
			name = nommit;
			productName = nommit;
			productReference = F3DF4A1E17FA07DF000B51E4 /* nommit.app */;
			productType = "com.apple.product-type.application";
		};
		F3DF4A3D17FA07E0000B51E4 /* nommitTests */ = {
			isa = PBXNativeTarget;
			buildConfigurationList = F3DF4A5317FA07E0000B51E4 /* Build configuration list for PBXNativeTarget "nommitTests" */;
			buildPhases = (
				F3DF4A3917FA07E0000B51E4 /* Sources */,
				F3DF4A3A17FA07E0000B51E4 /* Frameworks */,
				F3DF4A3B17FA07E0000B51E4 /* Resources */,
				F3DF4A3C17FA07E0000B51E4 /* ShellScript */,
			);
			buildRules = (
			);
			dependencies = (
				F3DF4A4417FA07E0000B51E4 /* PBXTargetDependency */,
			);
			name = nommitTests;
			productName = nommitTests;
			productReference = F3DF4A3E17FA07E0000B51E4 /* nommitTests.octest */;
			productType = "com.apple.product-type.bundle";
		};
/* End PBXNativeTarget section */

/* Begin PBXProject section */
		F3DF4A1617FA07DF000B51E4 /* Project object */ = {
			isa = PBXProject;
			attributes = {
				LastUpgradeCheck = 0460;
				ORGANIZATIONNAME = "Gregory Rose";
				TargetAttributes = {
					F3DF4A1D17FA07DF000B51E4 = {
						DevelopmentTeam = 3FUZN6JJ2G;
					};
				};
			};
			buildConfigurationList = F3DF4A1917FA07DF000B51E4 /* Build configuration list for PBXProject "nommit" */;
			compatibilityVersion = "Xcode 3.2";
			developmentRegion = English;
			hasScannedForEncodings = 0;
			knownRegions = (
				en,
				ar,
				ca,
				cs,
				da,
				de,
				el,
				en_GB,
				es,
				fi,
				fr,
				he,
				hr,
				hu,
				id,
				it,
				ja,
				ko,
				ms,
				nl,
				no,
				pl,
				pt,
				pt_PT,
				ro,
				ru,
				sk,
				sv,
				th,
				tr,
				uk,
				vi,
				zh_CN,
				zh_TW,
			);
			mainGroup = F3DF4A1517FA07DF000B51E4;
			productRefGroup = F3DF4A1F17FA07DF000B51E4 /* Products */;
			projectDirPath = "";
			projectRoot = "";
			targets = (
				F3DF4A1D17FA07DF000B51E4 /* nommit */,
				F3DF4A3D17FA07E0000B51E4 /* nommitTests */,
			);
		};
/* End PBXProject section */

/* Begin PBXResourcesBuildPhase section */
		F3DF4A1C17FA07DF000B51E4 /* Resources */ = {
			isa = PBXResourcesBuildPhase;
			buildActionMask = 2147483647;
			files = (
				F3DF4A3417FA07DF000B51E4 /* Default.png in Resources */,
				F3DF4A3617FA07DF000B51E4 /* Default@2x.png in Resources */,
				F3CA32BD18014B4800914EA1 /* icon.png in Resources */,
				F3CA32CB1801782900914EA1 /* ttt.gpx in Resources */,
				F3CA30BF1800E07800914EA1 /* GoogleMaps.bundle in Resources */,
				F3CA32C71801604C00914EA1 /* courier@2x.png in Resources */,
				F3DF4A3817FA07DF000B51E4 /* Default-568h@2x.png in Resources */,
				F3CA32BF18014B4E00914EA1 /* icon2.png in Resources */,
				8D50985518016DBB00A7E4B7 /* button_unpressed.png in Resources */,
				F3CA32C91801628F00914EA1 /* nommit.png in Resources */,
				F3CA32BB18014A7700914EA1 /* icon@2x.png in Resources */,
				F3CA32C61801604C00914EA1 /* courier.png in Resources */,
				8D50985418016DBB00A7E4B7 /* button_pressed.png in Resources */,
				F395C3DF183B0AF3001DBF5B /* CMU.gpx in Resources */,
			);
			runOnlyForDeploymentPostprocessing = 0;
		};
		F3DF4A3B17FA07E0000B51E4 /* Resources */ = {
			isa = PBXResourcesBuildPhase;
			buildActionMask = 2147483647;
			files = (
				F3DF4A4A17FA07E0000B51E4 /* InfoPlist.strings in Resources */,
			);
			runOnlyForDeploymentPostprocessing = 0;
		};
/* End PBXResourcesBuildPhase section */

/* Begin PBXShellScriptBuildPhase section */
		F3DF4A3C17FA07E0000B51E4 /* ShellScript */ = {
			isa = PBXShellScriptBuildPhase;
			buildActionMask = 2147483647;
			files = (
			);
			inputPaths = (
			);
			outputPaths = (
			);
			runOnlyForDeploymentPostprocessing = 0;
			shellPath = /bin/sh;
			shellScript = "# Run the unit tests in this test bundle.\n\"${SYSTEM_DEVELOPER_DIR}/Tools/RunUnitTests\"\n";
		};
/* End PBXShellScriptBuildPhase section */

/* Begin PBXSourcesBuildPhase section */
		F3DF4A1A17FA07DF000B51E4 /* Sources */ = {
			isa = PBXSourcesBuildPhase;
			buildActionMask = 2147483647;
			files = (
				F3DF4A2E17FA07DF000B51E4 /* main.m in Sources */,
				F3DF4A3217FA07DF000B51E4 /* AppDelegate.m in Sources */,
				8DBAFAA91801319C004875CC /* LoginViewController.m in Sources */,
				F3DF4A5B17FA093F000B51E4 /* MapViewController.m in Sources */,
				F3DF4A5E17FA0A62000B51E4 /* RatingViewController.m in Sources */,
				F3CA32B71801358700914EA1 /* OrderConfirmViewController.m in Sources */,
				8DEF3F791800B0FA005E2BDE /* RequestView.m in Sources */,
				F3CA32AE1800F37000914EA1 /* CourierConfirmViewController.m in Sources */,
				F3DF4A6117FA0A82000B51E4 /* RequestViewController.m in Sources */,
				8DFD663A1801139100E7C9ED /* MenuViewController.m in Sources */,
				F3CA32CE1801892500914EA1 /* TipViewController.m in Sources */,
				8D1F949E180074A6005A86A5 /* GlossyButton.m in Sources */,
				F3CA30BB1800E01400914EA1 /* CourierViewController.m in Sources */,
				8DFD66371801011000E7C9ED /* DisplayRestaurantsViewController.m in Sources */,
				F3DF4A6417FA0AC1000B51E4 /* CourierRegistrationViewController.m in Sources */,
				8D50985118015A5400A7E4B7 /* Geocoding.m in Sources */,
			);
			runOnlyForDeploymentPostprocessing = 0;
		};
		F3DF4A3917FA07E0000B51E4 /* Sources */ = {
			isa = PBXSourcesBuildPhase;
			buildActionMask = 2147483647;
			files = (
				F3DF4A4D17FA07E0000B51E4 /* nommitTests.m in Sources */,
			);
			runOnlyForDeploymentPostprocessing = 0;
		};
/* End PBXSourcesBuildPhase section */

/* Begin PBXTargetDependency section */
		F3DF4A4417FA07E0000B51E4 /* PBXTargetDependency */ = {
			isa = PBXTargetDependency;
			target = F3DF4A1D17FA07DF000B51E4 /* nommit */;
			targetProxy = F3DF4A4317FA07E0000B51E4 /* PBXContainerItemProxy */;
		};
/* End PBXTargetDependency section */

/* Begin PBXVariantGroup section */
		F3DF4A2A17FA07DF000B51E4 /* InfoPlist.strings */ = {
			isa = PBXVariantGroup;
			children = (
				F3DF4A2B17FA07DF000B51E4 /* en */,
			);
			name = InfoPlist.strings;
			sourceTree = "<group>";
		};
		F3DF4A4817FA07E0000B51E4 /* InfoPlist.strings */ = {
			isa = PBXVariantGroup;
			children = (
				F3DF4A4917FA07E0000B51E4 /* en */,
			);
			name = InfoPlist.strings;
			sourceTree = "<group>";
		};
/* End PBXVariantGroup section */

/* Begin XCBuildConfiguration section */
		F3DF4A4E17FA07E0000B51E4 /* Debug */ = {
			isa = XCBuildConfiguration;
			buildSettings = {
				ALWAYS_SEARCH_USER_PATHS = NO;
				CLANG_CXX_LANGUAGE_STANDARD = "gnu++0x";
				CLANG_CXX_LIBRARY = "libc++";
				CLANG_ENABLE_OBJC_ARC = YES;
				CLANG_WARN_CONSTANT_CONVERSION = YES;
				CLANG_WARN_EMPTY_BODY = YES;
				CLANG_WARN_ENUM_CONVERSION = YES;
				CLANG_WARN_INT_CONVERSION = YES;
				CLANG_WARN__DUPLICATE_METHOD_MATCH = YES;
				"CODE_SIGN_IDENTITY[sdk=iphoneos*]" = "iPhone Developer";
				COPY_PHASE_STRIP = NO;
				GCC_C_LANGUAGE_STANDARD = gnu99;
				GCC_DYNAMIC_NO_PIC = NO;
				GCC_OPTIMIZATION_LEVEL = 0;
				GCC_PREPROCESSOR_DEFINITIONS = (
					"DEBUG=1",
					"$(inherited)",
				);
				GCC_SYMBOLS_PRIVATE_EXTERN = NO;
				GCC_WARN_ABOUT_RETURN_TYPE = YES;
				GCC_WARN_UNINITIALIZED_AUTOS = YES;
				GCC_WARN_UNUSED_VARIABLE = YES;
				IPHONEOS_DEPLOYMENT_TARGET = 6.1;
				ONLY_ACTIVE_ARCH = YES;
				SDKROOT = iphoneos;
				TARGETED_DEVICE_FAMILY = "1,2";
			};
			name = Debug;
		};
		F3DF4A4F17FA07E0000B51E4 /* Release */ = {
			isa = XCBuildConfiguration;
			buildSettings = {
				ALWAYS_SEARCH_USER_PATHS = NO;
				CLANG_CXX_LANGUAGE_STANDARD = "gnu++0x";
				CLANG_CXX_LIBRARY = "libc++";
				CLANG_ENABLE_OBJC_ARC = YES;
				CLANG_WARN_CONSTANT_CONVERSION = YES;
				CLANG_WARN_EMPTY_BODY = YES;
				CLANG_WARN_ENUM_CONVERSION = YES;
				CLANG_WARN_INT_CONVERSION = YES;
				CLANG_WARN__DUPLICATE_METHOD_MATCH = YES;
				"CODE_SIGN_IDENTITY[sdk=iphoneos*]" = "iPhone Developer";
				COPY_PHASE_STRIP = YES;
				GCC_C_LANGUAGE_STANDARD = gnu99;
				GCC_WARN_ABOUT_RETURN_TYPE = YES;
				GCC_WARN_UNINITIALIZED_AUTOS = YES;
				GCC_WARN_UNUSED_VARIABLE = YES;
				IPHONEOS_DEPLOYMENT_TARGET = 6.1;
				OTHER_CFLAGS = "-DNS_BLOCK_ASSERTIONS=1";
				SDKROOT = iphoneos;
				TARGETED_DEVICE_FAMILY = "1,2";
				VALIDATE_PRODUCT = YES;
			};
			name = Release;
		};
		F3DF4A5117FA07E0000B51E4 /* Debug */ = {
			isa = XCBuildConfiguration;
			buildSettings = {
				CODE_SIGN_IDENTITY = "iPhone Developer";
				"CODE_SIGN_IDENTITY[sdk=iphoneos*]" = "iPhone Developer";
				FRAMEWORK_SEARCH_PATHS = (
					"$(inherited)",
					/Users/Lucy/Documents/hackathons,
					/Users/Lucy/Documents/hackathons/FacebookSDK,
					"$(DEVELOPER_FRAMEWORKS_DIR)",
					/Users/Lucy/Documents/hackathons/nommit,
					/Users/gregory/Documents/nommit,
					"/Users/gregory/HackMIT/GoogleMaps-iOS-1.5.0",
					"/Users/Lucy/Desktop/app-switch-ios-framework",
					/Users/gregory/Documents/FacebookSDK,
					"/Users/gregory/dev/app-switch-ios-framework-master",
					"/Users/gregory/dev/GoogleMaps-iOS-1.5.0",
					/Users/gregory/HackMIT,
				);
				GCC_PRECOMPILE_PREFIX_HEADER = YES;
				GCC_PREFIX_HEADER = "nommit/nommit-Prefix.pch";
				INFOPLIST_FILE = "nommit/nommit-Info.plist";
				OTHER_LDFLAGS = (
					"-ObjC",
					"-lz",
				);
				PRODUCT_NAME = "$(TARGET_NAME)";
				PROVISIONING_PROFILE = "";
				TARGETED_DEVICE_FAMILY = 1;
				WRAPPER_EXTENSION = app;
			};
			name = Debug;
		};
		F3DF4A5217FA07E0000B51E4 /* Release */ = {
			isa = XCBuildConfiguration;
			buildSettings = {
				CODE_SIGN_IDENTITY = "iPhone Developer";
				"CODE_SIGN_IDENTITY[sdk=iphoneos*]" = "iPhone Developer";
				FRAMEWORK_SEARCH_PATHS = (
					"$(inherited)",
					/Users/Lucy/Documents/hackathons,
					/Users/Lucy/Documents/hackathons/FacebookSDK,
					"$(DEVELOPER_FRAMEWORKS_DIR)",
					/Users/Lucy/Documents/hackathons/nommit,
					/Users/gregory/Documents/nommit,
					"/Users/gregory/HackMIT/GoogleMaps-iOS-1.5.0",
					"/Users/Lucy/Desktop/app-switch-ios-framework",
					/Users/gregory/Documents/FacebookSDK,
					"/Users/gregory/dev/app-switch-ios-framework-master",
					"/Users/gregory/dev/GoogleMaps-iOS-1.5.0",
					/Users/gregory/HackMIT,
				);
				GCC_PRECOMPILE_PREFIX_HEADER = YES;
				GCC_PREFIX_HEADER = "nommit/nommit-Prefix.pch";
				INFOPLIST_FILE = "nommit/nommit-Info.plist";
				OTHER_LDFLAGS = (
					"-ObjC",
					"-lz",
				);
				"OTHER_LDFLAGS[arch=*]" = "-ObjC";
				PRODUCT_NAME = "$(TARGET_NAME)";
				PROVISIONING_PROFILE = "";
				TARGETED_DEVICE_FAMILY = 1;
				WRAPPER_EXTENSION = app;
			};
			name = Release;
		};
		F3DF4A5417FA07E0000B51E4 /* Debug */ = {
			isa = XCBuildConfiguration;
			buildSettings = {
				BUNDLE_LOADER = "$(BUILT_PRODUCTS_DIR)/nommit.app/nommit";
				FRAMEWORK_SEARCH_PATHS = (
					"\"$(SDKROOT)/Developer/Library/Frameworks\"",
					"\"$(DEVELOPER_LIBRARY_DIR)/Frameworks\"",
				);
				GCC_PRECOMPILE_PREFIX_HEADER = YES;
				GCC_PREFIX_HEADER = "nommit/nommit-Prefix.pch";
				INFOPLIST_FILE = "nommitTests/nommitTests-Info.plist";
				PRODUCT_NAME = "$(TARGET_NAME)";
				TEST_HOST = "$(BUNDLE_LOADER)";
				WRAPPER_EXTENSION = octest;
			};
			name = Debug;
		};
		F3DF4A5517FA07E0000B51E4 /* Release */ = {
			isa = XCBuildConfiguration;
			buildSettings = {
				BUNDLE_LOADER = "$(BUILT_PRODUCTS_DIR)/nommit.app/nommit";
				FRAMEWORK_SEARCH_PATHS = (
					"\"$(SDKROOT)/Developer/Library/Frameworks\"",
					"\"$(DEVELOPER_LIBRARY_DIR)/Frameworks\"",
				);
				GCC_PRECOMPILE_PREFIX_HEADER = YES;
				GCC_PREFIX_HEADER = "nommit/nommit-Prefix.pch";
				INFOPLIST_FILE = "nommitTests/nommitTests-Info.plist";
				PRODUCT_NAME = "$(TARGET_NAME)";
				TEST_HOST = "$(BUNDLE_LOADER)";
				WRAPPER_EXTENSION = octest;
			};
			name = Release;
		};
/* End XCBuildConfiguration section */

/* Begin XCConfigurationList section */
		F3DF4A1917FA07DF000B51E4 /* Build configuration list for PBXProject "nommit" */ = {
			isa = XCConfigurationList;
			buildConfigurations = (
				F3DF4A4E17FA07E0000B51E4 /* Debug */,
				F3DF4A4F17FA07E0000B51E4 /* Release */,
			);
			defaultConfigurationIsVisible = 0;
			defaultConfigurationName = Release;
		};
		F3DF4A5017FA07E0000B51E4 /* Build configuration list for PBXNativeTarget "nommit" */ = {
			isa = XCConfigurationList;
			buildConfigurations = (
				F3DF4A5117FA07E0000B51E4 /* Debug */,
				F3DF4A5217FA07E0000B51E4 /* Release */,
			);
			defaultConfigurationIsVisible = 0;
			defaultConfigurationName = Release;
		};
		F3DF4A5317FA07E0000B51E4 /* Build configuration list for PBXNativeTarget "nommitTests" */ = {
			isa = XCConfigurationList;
			buildConfigurations = (
				F3DF4A5417FA07E0000B51E4 /* Debug */,
				F3DF4A5517FA07E0000B51E4 /* Release */,
			);
			defaultConfigurationIsVisible = 0;
			defaultConfigurationName = Release;
		};
/* End XCConfigurationList section */
	};
	rootObject = F3DF4A1617FA07DF000B51E4 /* Project object */;
}
